// !$*UTF8*$!
{
	archiveVersion = 1;
	classes = {
	};
	objectVersion = 51;
	objects = {

/* Begin PBXBuildFile section */
		9900AC41323FF685AECD046F /* Pods_FoodieNotes.framework in Frameworks */ = {isa = PBXBuildFile; fileRef = 54744744738DB838253E685E /* Pods_FoodieNotes.framework */; };
		AE4C506A35A2AB4F0CA6D66C /* Pods_FoodieNotesTests.framework in Frameworks */ = {isa = PBXBuildFile; fileRef = 0C80A1B919C89B99E2724AFD /* Pods_FoodieNotesTests.framework */; };
		D9D02BFFBCD1D199EC3A928E /* Pods_FoodieNotesUITests.framework in Frameworks */ = {isa = PBXBuildFile; fileRef = 7C2DD96A6421E8104EC9BB71 /* Pods_FoodieNotesUITests.framework */; };
		E44A7705232A22BC00DC6C0C /* AddSimplePostViewController.swift in Sources */ = {isa = PBXBuildFile; fileRef = E44A7703232A22BC00DC6C0C /* AddSimplePostViewController.swift */; };
		E44A7706232A22BC00DC6C0C /* AddSimplePostViewController.xib in Resources */ = {isa = PBXBuildFile; fileRef = E44A7704232A22BC00DC6C0C /* AddSimplePostViewController.xib */; };
		E44A770D232A442B00DC6C0C /* PostPageViewController.swift in Sources */ = {isa = PBXBuildFile; fileRef = E44A770B232A442B00DC6C0C /* PostPageViewController.swift */; };
		E44A770E232A442B00DC6C0C /* PostPageViewController.xib in Resources */ = {isa = PBXBuildFile; fileRef = E44A770C232A442B00DC6C0C /* PostPageViewController.xib */; };
		E44A77102330C80E00DC6C0C /* SignupViewController.swift in Sources */ = {isa = PBXBuildFile; fileRef = E44A770F2330C80E00DC6C0C /* SignupViewController.swift */; };
		E44A77122334DD4B00DC6C0C /* UIView_Extention.swift in Sources */ = {isa = PBXBuildFile; fileRef = E44A77112334DD4B00DC6C0C /* UIView_Extention.swift */; };
		E44C0D62230A8ADD0099FC82 /* AppDelegate.swift in Sources */ = {isa = PBXBuildFile; fileRef = E44C0D61230A8ADD0099FC82 /* AppDelegate.swift */; };
		E44C0D64230A8ADD0099FC82 /* ViewController.swift in Sources */ = {isa = PBXBuildFile; fileRef = E44C0D63230A8ADD0099FC82 /* ViewController.swift */; };
		E44C0D67230A8ADE0099FC82 /* Main.storyboard in Resources */ = {isa = PBXBuildFile; fileRef = E44C0D65230A8ADE0099FC82 /* Main.storyboard */; };
		E44C0D6A230A8ADE0099FC82 /* FoodieNotes.xcdatamodeld in Sources */ = {isa = PBXBuildFile; fileRef = E44C0D68230A8ADE0099FC82 /* FoodieNotes.xcdatamodeld */; };
		E44C0D6C230A8ADF0099FC82 /* Assets.xcassets in Resources */ = {isa = PBXBuildFile; fileRef = E44C0D6B230A8ADF0099FC82 /* Assets.xcassets */; };
		E44C0D6F230A8ADF0099FC82 /* LaunchScreen.storyboard in Resources */ = {isa = PBXBuildFile; fileRef = E44C0D6D230A8ADF0099FC82 /* LaunchScreen.storyboard */; };
		E44C0D7A230A8ADF0099FC82 /* FoodieNotesTests.swift in Sources */ = {isa = PBXBuildFile; fileRef = E44C0D79230A8ADF0099FC82 /* FoodieNotesTests.swift */; };
		E44C0D85230A8ADF0099FC82 /* FoodieNotesUITests.swift in Sources */ = {isa = PBXBuildFile; fileRef = E44C0D84230A8ADF0099FC82 /* FoodieNotesUITests.swift */; };
		E44C0D95230A9A710099FC82 /* LoginViewController.swift in Sources */ = {isa = PBXBuildFile; fileRef = E44C0D94230A9A710099FC82 /* LoginViewController.swift */; };
		E44C0D97230BA5370099FC82 /* GoogleService-Info.plist in Resources */ = {isa = PBXBuildFile; fileRef = E44C0D96230BA5370099FC82 /* GoogleService-Info.plist */; };
		E44C0D99230BDE860099FC82 /* User.swift in Sources */ = {isa = PBXBuildFile; fileRef = E44C0D98230BDE860099FC82 /* User.swift */; };
		E44C0D9B230C052D0099FC82 /* IndexViewController.swift in Sources */ = {isa = PBXBuildFile; fileRef = E44C0D9A230C052D0099FC82 /* IndexViewController.swift */; };
		E4AC28702320ED2E002E4910 /* UserPostsCollectionViewCell.swift in Sources */ = {isa = PBXBuildFile; fileRef = E4AC286E2320ED2E002E4910 /* UserPostsCollectionViewCell.swift */; };
		E4AC28712320ED2E002E4910 /* UserPostsCollectionViewCell.xib in Resources */ = {isa = PBXBuildFile; fileRef = E4AC286F2320ED2E002E4910 /* UserPostsCollectionViewCell.xib */; };
		E4AC2874232126CD002E4910 /* StoreTableViewCell.swift in Sources */ = {isa = PBXBuildFile; fileRef = E4AC2872232126CD002E4910 /* StoreTableViewCell.swift */; };
		E4AC2875232126CD002E4910 /* StoreTableViewCell.xib in Resources */ = {isa = PBXBuildFile; fileRef = E4AC2873232126CD002E4910 /* StoreTableViewCell.xib */; };
		E4AC287723224CD9002E4910 /* SetUpViewController.swift in Sources */ = {isa = PBXBuildFile; fileRef = E4AC287623224CD9002E4910 /* SetUpViewController.swift */; };
		E4AC287923226EC3002E4910 /* MaintainInfoViewController.swift in Sources */ = {isa = PBXBuildFile; fileRef = E4AC287823226EC2002E4910 /* MaintainInfoViewController.swift */; };
		E4AC287B232636F2002E4910 /* StoreMaintainInfoViewController.swift in Sources */ = {isa = PBXBuildFile; fileRef = E4AC287A232636F2002E4910 /* StoreMaintainInfoViewController.swift */; };
		E4AC287F2326CB98002E4910 /* BlacklistTableViewCell.swift in Sources */ = {isa = PBXBuildFile; fileRef = E4AC287D2326CB98002E4910 /* BlacklistTableViewCell.swift */; };
		E4AC28802326CB98002E4910 /* BlacklistTableViewCell.xib in Resources */ = {isa = PBXBuildFile; fileRef = E4AC287E2326CB98002E4910 /* BlacklistTableViewCell.xib */; };
		E4AC28822326CC53002E4910 /* BlacklistViewController.swift in Sources */ = {isa = PBXBuildFile; fileRef = E4AC28812326CC53002E4910 /* BlacklistViewController.swift */; };
		E4AC288C2327B756002E4910 /* OtherProfileViewController.swift in Sources */ = {isa = PBXBuildFile; fileRef = E4AC288B2327B756002E4910 /* OtherProfileViewController.swift */; };
		E4B0CB2D2312ECEA0090BA3C /* Post.swift in Sources */ = {isa = PBXBuildFile; fileRef = E4B0CB2C2312ECEA0090BA3C /* Post.swift */; };
		E4B0CB2F2312ECFB0090BA3C /* PostLive.swift in Sources */ = {isa = PBXBuildFile; fileRef = E4B0CB2E2312ECFB0090BA3C /* PostLive.swift */; };
		E4B0CB312312FC980090BA3C /* IndexTableViewModel.swift in Sources */ = {isa = PBXBuildFile; fileRef = E4B0CB302312FC980090BA3C /* IndexTableViewModel.swift */; };
		E4B0CB342313042C0090BA3C /* PostLiveCollectionViewCell.swift in Sources */ = {isa = PBXBuildFile; fileRef = E4B0CB332313042C0090BA3C /* PostLiveCollectionViewCell.swift */; };
		E4B0CB362313055B0090BA3C /* LiveTableViewCell.swift in Sources */ = {isa = PBXBuildFile; fileRef = E4B0CB352313055B0090BA3C /* LiveTableViewCell.swift */; };
		E4B0CB3823130BF40090BA3C /* Helpers.swift in Sources */ = {isa = PBXBuildFile; fileRef = E4B0CB3723130BF40090BA3C /* Helpers.swift */; };
		E4B0CB3A23132AA70090BA3C /* PostTableViewCell.swift in Sources */ = {isa = PBXBuildFile; fileRef = E4B0CB3923132AA70090BA3C /* PostTableViewCell.swift */; };
		E4B258F82315498E00E8F7B1 /* AddPostViewController.swift in Sources */ = {isa = PBXBuildFile; fileRef = E4B258F72315498E00E8F7B1 /* AddPostViewController.swift */; };
		E4B258FA2319698800E8F7B1 /* Constant.swift in Sources */ = {isa = PBXBuildFile; fileRef = E4B258F92319698800E8F7B1 /* Constant.swift */; };
		E4B258FC231D928600E8F7B1 /* MainTabBarViewController.swift in Sources */ = {isa = PBXBuildFile; fileRef = E4B258FB231D928600E8F7B1 /* MainTabBarViewController.swift */; };
		E4B258FE231DAF9C00E8F7B1 /* UserDefaultKeys.swift in Sources */ = {isa = PBXBuildFile; fileRef = E4B258FD231DAF9C00E8F7B1 /* UserDefaultKeys.swift */; };
		E4B25900231E134B00E8F7B1 /* UserProfileViewController.swift in Sources */ = {isa = PBXBuildFile; fileRef = E4B258FF231E134B00E8F7B1 /* UserProfileViewController.swift */; };
		E4C195602320DDE9006E2B27 /* UserTableViewCell.swift in Sources */ = {isa = PBXBuildFile; fileRef = E4C1955E2320DDE9006E2B27 /* UserTableViewCell.swift */; };
		E4C195612320DDE9006E2B27 /* UserTableViewCell.xib in Resources */ = {isa = PBXBuildFile; fileRef = E4C1955F2320DDE9006E2B27 /* UserTableViewCell.xib */; };
/* End PBXBuildFile section */

/* Begin PBXContainerItemProxy section */
		E44C0D76230A8ADF0099FC82 /* PBXContainerItemProxy */ = {
			isa = PBXContainerItemProxy;
			containerPortal = E44C0D56230A8ADD0099FC82 /* Project object */;
			proxyType = 1;
			remoteGlobalIDString = E44C0D5D230A8ADD0099FC82;
			remoteInfo = FoodieNotes;
		};
		E44C0D81230A8ADF0099FC82 /* PBXContainerItemProxy */ = {
			isa = PBXContainerItemProxy;
			containerPortal = E44C0D56230A8ADD0099FC82 /* Project object */;
			proxyType = 1;
			remoteGlobalIDString = E44C0D5D230A8ADD0099FC82;
			remoteInfo = FoodieNotes;
		};
/* End PBXContainerItemProxy section */

/* Begin PBXFileReference section */
		0C80A1B919C89B99E2724AFD /* Pods_FoodieNotesTests.framework */ = {isa = PBXFileReference; explicitFileType = wrapper.framework; includeInIndex = 0; path = Pods_FoodieNotesTests.framework; sourceTree = BUILT_PRODUCTS_DIR; };
		54744744738DB838253E685E /* Pods_FoodieNotes.framework */ = {isa = PBXFileReference; explicitFileType = wrapper.framework; includeInIndex = 0; path = Pods_FoodieNotes.framework; sourceTree = BUILT_PRODUCTS_DIR; };
		69612C831F22481FD3BF8294 /* Pods-FoodieNotes.release.xcconfig */ = {isa = PBXFileReference; includeInIndex = 1; lastKnownFileType = text.xcconfig; name = "Pods-FoodieNotes.release.xcconfig"; path = "Target Support Files/Pods-FoodieNotes/Pods-FoodieNotes.release.xcconfig"; sourceTree = "<group>"; };
		7C2DD96A6421E8104EC9BB71 /* Pods_FoodieNotesUITests.framework */ = {isa = PBXFileReference; explicitFileType = wrapper.framework; includeInIndex = 0; path = Pods_FoodieNotesUITests.framework; sourceTree = BUILT_PRODUCTS_DIR; };
		9573A551EC6A09C6DD1FACD1 /* Pods-FoodieNotes.debug.xcconfig */ = {isa = PBXFileReference; includeInIndex = 1; lastKnownFileType = text.xcconfig; name = "Pods-FoodieNotes.debug.xcconfig"; path = "Target Support Files/Pods-FoodieNotes/Pods-FoodieNotes.debug.xcconfig"; sourceTree = "<group>"; };
		A3A6990F5E7D479CE4133393 /* Pods-FoodieNotesUITests.release.xcconfig */ = {isa = PBXFileReference; includeInIndex = 1; lastKnownFileType = text.xcconfig; name = "Pods-FoodieNotesUITests.release.xcconfig"; path = "Target Support Files/Pods-FoodieNotesUITests/Pods-FoodieNotesUITests.release.xcconfig"; sourceTree = "<group>"; };
		BAC2DEB11C839030D23CA17E /* Pods-FoodieNotesTests.release.xcconfig */ = {isa = PBXFileReference; includeInIndex = 1; lastKnownFileType = text.xcconfig; name = "Pods-FoodieNotesTests.release.xcconfig"; path = "Target Support Files/Pods-FoodieNotesTests/Pods-FoodieNotesTests.release.xcconfig"; sourceTree = "<group>"; };
		D03EAEE9ABD026C924204465 /* Pods-FoodieNotesUITests.debug.xcconfig */ = {isa = PBXFileReference; includeInIndex = 1; lastKnownFileType = text.xcconfig; name = "Pods-FoodieNotesUITests.debug.xcconfig"; path = "Target Support Files/Pods-FoodieNotesUITests/Pods-FoodieNotesUITests.debug.xcconfig"; sourceTree = "<group>"; };
		D5D90F47DA23D669611BEDB1 /* Pods-FoodieNotesTests.debug.xcconfig */ = {isa = PBXFileReference; includeInIndex = 1; lastKnownFileType = text.xcconfig; name = "Pods-FoodieNotesTests.debug.xcconfig"; path = "Target Support Files/Pods-FoodieNotesTests/Pods-FoodieNotesTests.debug.xcconfig"; sourceTree = "<group>"; };
		E44A7703232A22BC00DC6C0C /* AddSimplePostViewController.swift */ = {isa = PBXFileReference; lastKnownFileType = sourcecode.swift; path = AddSimplePostViewController.swift; sourceTree = "<group>"; };
		E44A7704232A22BC00DC6C0C /* AddSimplePostViewController.xib */ = {isa = PBXFileReference; lastKnownFileType = file.xib; path = AddSimplePostViewController.xib; sourceTree = "<group>"; };
		E44A770B232A442B00DC6C0C /* PostPageViewController.swift */ = {isa = PBXFileReference; lastKnownFileType = sourcecode.swift; path = PostPageViewController.swift; sourceTree = "<group>"; };
		E44A770C232A442B00DC6C0C /* PostPageViewController.xib */ = {isa = PBXFileReference; lastKnownFileType = file.xib; path = PostPageViewController.xib; sourceTree = "<group>"; };
		E44A770F2330C80E00DC6C0C /* SignupViewController.swift */ = {isa = PBXFileReference; lastKnownFileType = sourcecode.swift; path = SignupViewController.swift; sourceTree = "<group>"; };
		E44A77112334DD4B00DC6C0C /* UIView_Extention.swift */ = {isa = PBXFileReference; lastKnownFileType = sourcecode.swift; path = UIView_Extention.swift; sourceTree = "<group>"; };
		E44C0D5E230A8ADD0099FC82 /* FoodieNotes.app */ = {isa = PBXFileReference; explicitFileType = wrapper.application; includeInIndex = 0; path = FoodieNotes.app; sourceTree = BUILT_PRODUCTS_DIR; };
		E44C0D61230A8ADD0099FC82 /* AppDelegate.swift */ = {isa = PBXFileReference; lastKnownFileType = sourcecode.swift; path = AppDelegate.swift; sourceTree = "<group>"; };
		E44C0D63230A8ADD0099FC82 /* ViewController.swift */ = {isa = PBXFileReference; lastKnownFileType = sourcecode.swift; path = ViewController.swift; sourceTree = "<group>"; };
		E44C0D66230A8ADE0099FC82 /* Base */ = {isa = PBXFileReference; lastKnownFileType = file.storyboard; name = Base; path = Base.lproj/Main.storyboard; sourceTree = "<group>"; };
		E44C0D69230A8ADE0099FC82 /* FoodieNotes.xcdatamodel */ = {isa = PBXFileReference; lastKnownFileType = wrapper.xcdatamodel; path = FoodieNotes.xcdatamodel; sourceTree = "<group>"; };
		E44C0D6B230A8ADF0099FC82 /* Assets.xcassets */ = {isa = PBXFileReference; lastKnownFileType = folder.assetcatalog; path = Assets.xcassets; sourceTree = "<group>"; };
		E44C0D6E230A8ADF0099FC82 /* Base */ = {isa = PBXFileReference; lastKnownFileType = file.storyboard; name = Base; path = Base.lproj/LaunchScreen.storyboard; sourceTree = "<group>"; };
		E44C0D70230A8ADF0099FC82 /* Info.plist */ = {isa = PBXFileReference; lastKnownFileType = text.plist.xml; path = Info.plist; sourceTree = "<group>"; };
		E44C0D75230A8ADF0099FC82 /* FoodieNotesTests.xctest */ = {isa = PBXFileReference; explicitFileType = wrapper.cfbundle; includeInIndex = 0; path = FoodieNotesTests.xctest; sourceTree = BUILT_PRODUCTS_DIR; };
		E44C0D79230A8ADF0099FC82 /* FoodieNotesTests.swift */ = {isa = PBXFileReference; lastKnownFileType = sourcecode.swift; path = FoodieNotesTests.swift; sourceTree = "<group>"; };
		E44C0D7B230A8ADF0099FC82 /* Info.plist */ = {isa = PBXFileReference; lastKnownFileType = text.plist.xml; path = Info.plist; sourceTree = "<group>"; };
		E44C0D80230A8ADF0099FC82 /* FoodieNotesUITests.xctest */ = {isa = PBXFileReference; explicitFileType = wrapper.cfbundle; includeInIndex = 0; path = FoodieNotesUITests.xctest; sourceTree = BUILT_PRODUCTS_DIR; };
		E44C0D84230A8ADF0099FC82 /* FoodieNotesUITests.swift */ = {isa = PBXFileReference; lastKnownFileType = sourcecode.swift; path = FoodieNotesUITests.swift; sourceTree = "<group>"; };
		E44C0D86230A8ADF0099FC82 /* Info.plist */ = {isa = PBXFileReference; lastKnownFileType = text.plist.xml; path = Info.plist; sourceTree = "<group>"; };
		E44C0D94230A9A710099FC82 /* LoginViewController.swift */ = {isa = PBXFileReference; lastKnownFileType = sourcecode.swift; path = LoginViewController.swift; sourceTree = "<group>"; };
		E44C0D96230BA5370099FC82 /* GoogleService-Info.plist */ = {isa = PBXFileReference; fileEncoding = 4; lastKnownFileType = text.plist.xml; path = "GoogleService-Info.plist"; sourceTree = "<group>"; };
		E44C0D98230BDE860099FC82 /* User.swift */ = {isa = PBXFileReference; lastKnownFileType = sourcecode.swift; path = User.swift; sourceTree = "<group>"; };
		E44C0D9A230C052D0099FC82 /* IndexViewController.swift */ = {isa = PBXFileReference; lastKnownFileType = sourcecode.swift; path = IndexViewController.swift; sourceTree = "<group>"; };
		E4AC286E2320ED2E002E4910 /* UserPostsCollectionViewCell.swift */ = {isa = PBXFileReference; lastKnownFileType = sourcecode.swift; path = UserPostsCollectionViewCell.swift; sourceTree = "<group>"; };
		E4AC286F2320ED2E002E4910 /* UserPostsCollectionViewCell.xib */ = {isa = PBXFileReference; lastKnownFileType = file.xib; path = UserPostsCollectionViewCell.xib; sourceTree = "<group>"; };
		E4AC2872232126CD002E4910 /* StoreTableViewCell.swift */ = {isa = PBXFileReference; lastKnownFileType = sourcecode.swift; path = StoreTableViewCell.swift; sourceTree = "<group>"; };
		E4AC2873232126CD002E4910 /* StoreTableViewCell.xib */ = {isa = PBXFileReference; lastKnownFileType = file.xib; path = StoreTableViewCell.xib; sourceTree = "<group>"; };
		E4AC287623224CD9002E4910 /* SetUpViewController.swift */ = {isa = PBXFileReference; lastKnownFileType = sourcecode.swift; path = SetUpViewController.swift; sourceTree = "<group>"; };
		E4AC287823226EC2002E4910 /* MaintainInfoViewController.swift */ = {isa = PBXFileReference; lastKnownFileType = sourcecode.swift; path = MaintainInfoViewController.swift; sourceTree = "<group>"; };
		E4AC287A232636F2002E4910 /* StoreMaintainInfoViewController.swift */ = {isa = PBXFileReference; lastKnownFileType = sourcecode.swift; path = StoreMaintainInfoViewController.swift; sourceTree = "<group>"; };
		E4AC287D2326CB98002E4910 /* BlacklistTableViewCell.swift */ = {isa = PBXFileReference; lastKnownFileType = sourcecode.swift; path = BlacklistTableViewCell.swift; sourceTree = "<group>"; };
		E4AC287E2326CB98002E4910 /* BlacklistTableViewCell.xib */ = {isa = PBXFileReference; lastKnownFileType = file.xib; path = BlacklistTableViewCell.xib; sourceTree = "<group>"; };
		E4AC28812326CC53002E4910 /* BlacklistViewController.swift */ = {isa = PBXFileReference; lastKnownFileType = sourcecode.swift; path = BlacklistViewController.swift; sourceTree = "<group>"; };
		E4AC288B2327B756002E4910 /* OtherProfileViewController.swift */ = {isa = PBXFileReference; lastKnownFileType = sourcecode.swift; path = OtherProfileViewController.swift; sourceTree = "<group>"; };
		E4B0CB2C2312ECEA0090BA3C /* Post.swift */ = {isa = PBXFileReference; lastKnownFileType = sourcecode.swift; path = Post.swift; sourceTree = "<group>"; };
		E4B0CB2E2312ECFB0090BA3C /* PostLive.swift */ = {isa = PBXFileReference; lastKnownFileType = sourcecode.swift; path = PostLive.swift; sourceTree = "<group>"; };
		E4B0CB302312FC980090BA3C /* IndexTableViewModel.swift */ = {isa = PBXFileReference; lastKnownFileType = sourcecode.swift; path = IndexTableViewModel.swift; sourceTree = "<group>"; };
		E4B0CB332313042C0090BA3C /* PostLiveCollectionViewCell.swift */ = {isa = PBXFileReference; lastKnownFileType = sourcecode.swift; path = PostLiveCollectionViewCell.swift; sourceTree = "<group>"; };
		E4B0CB352313055B0090BA3C /* LiveTableViewCell.swift */ = {isa = PBXFileReference; lastKnownFileType = sourcecode.swift; path = LiveTableViewCell.swift; sourceTree = "<group>"; };
		E4B0CB3723130BF40090BA3C /* Helpers.swift */ = {isa = PBXFileReference; lastKnownFileType = sourcecode.swift; path = Helpers.swift; sourceTree = "<group>"; };
		E4B0CB3923132AA70090BA3C /* PostTableViewCell.swift */ = {isa = PBXFileReference; lastKnownFileType = sourcecode.swift; path = PostTableViewCell.swift; sourceTree = "<group>"; };
		E4B258F72315498E00E8F7B1 /* AddPostViewController.swift */ = {isa = PBXFileReference; lastKnownFileType = sourcecode.swift; path = AddPostViewController.swift; sourceTree = "<group>"; };
		E4B258F92319698800E8F7B1 /* Constant.swift */ = {isa = PBXFileReference; lastKnownFileType = sourcecode.swift; path = Constant.swift; sourceTree = "<group>"; };
		E4B258FB231D928600E8F7B1 /* MainTabBarViewController.swift */ = {isa = PBXFileReference; lastKnownFileType = sourcecode.swift; path = MainTabBarViewController.swift; sourceTree = "<group>"; };
		E4B258FD231DAF9C00E8F7B1 /* UserDefaultKeys.swift */ = {isa = PBXFileReference; lastKnownFileType = sourcecode.swift; path = UserDefaultKeys.swift; sourceTree = "<group>"; };
		E4B258FF231E134B00E8F7B1 /* UserProfileViewController.swift */ = {isa = PBXFileReference; lastKnownFileType = sourcecode.swift; path = UserProfileViewController.swift; sourceTree = "<group>"; };
		E4C1955E2320DDE9006E2B27 /* UserTableViewCell.swift */ = {isa = PBXFileReference; lastKnownFileType = sourcecode.swift; path = UserTableViewCell.swift; sourceTree = "<group>"; };
		E4C1955F2320DDE9006E2B27 /* UserTableViewCell.xib */ = {isa = PBXFileReference; lastKnownFileType = file.xib; path = UserTableViewCell.xib; sourceTree = "<group>"; };
/* End PBXFileReference section */

/* Begin PBXFrameworksBuildPhase section */
		E44C0D5B230A8ADD0099FC82 /* Frameworks */ = {
			isa = PBXFrameworksBuildPhase;
			buildActionMask = 2147483647;
			files = (
				9900AC41323FF685AECD046F /* Pods_FoodieNotes.framework in Frameworks */,
			);
			runOnlyForDeploymentPostprocessing = 0;
		};
		E44C0D72230A8ADF0099FC82 /* Frameworks */ = {
			isa = PBXFrameworksBuildPhase;
			buildActionMask = 2147483647;
			files = (
				AE4C506A35A2AB4F0CA6D66C /* Pods_FoodieNotesTests.framework in Frameworks */,
			);
			runOnlyForDeploymentPostprocessing = 0;
		};
		E44C0D7D230A8ADF0099FC82 /* Frameworks */ = {
			isa = PBXFrameworksBuildPhase;
			buildActionMask = 2147483647;
			files = (
				D9D02BFFBCD1D199EC3A928E /* Pods_FoodieNotesUITests.framework in Frameworks */,
			);
			runOnlyForDeploymentPostprocessing = 0;
		};
/* End PBXFrameworksBuildPhase section */

/* Begin PBXGroup section */
		52B76AF6370EDC17BE5EBCDA /* Frameworks */ = {
			isa = PBXGroup;
			children = (
				54744744738DB838253E685E /* Pods_FoodieNotes.framework */,
				0C80A1B919C89B99E2724AFD /* Pods_FoodieNotesTests.framework */,
				7C2DD96A6421E8104EC9BB71 /* Pods_FoodieNotesUITests.framework */,
			);
			name = Frameworks;
			sourceTree = "<group>";
		};
		8929539318D28520E333B7B4 /* Pods */ = {
			isa = PBXGroup;
			children = (
				9573A551EC6A09C6DD1FACD1 /* Pods-FoodieNotes.debug.xcconfig */,
				69612C831F22481FD3BF8294 /* Pods-FoodieNotes.release.xcconfig */,
				D5D90F47DA23D669611BEDB1 /* Pods-FoodieNotesTests.debug.xcconfig */,
				BAC2DEB11C839030D23CA17E /* Pods-FoodieNotesTests.release.xcconfig */,
				D03EAEE9ABD026C924204465 /* Pods-FoodieNotesUITests.debug.xcconfig */,
				A3A6990F5E7D479CE4133393 /* Pods-FoodieNotesUITests.release.xcconfig */,
			);
			path = Pods;
			sourceTree = "<group>";
		};
		E44A7702232A223E00DC6C0C /* Views */ = {
			isa = PBXGroup;
			children = (
				E44A7703232A22BC00DC6C0C /* AddSimplePostViewController.swift */,
				E44A7704232A22BC00DC6C0C /* AddSimplePostViewController.xib */,
				E44A770B232A442B00DC6C0C /* PostPageViewController.swift */,
				E44A770C232A442B00DC6C0C /* PostPageViewController.xib */,
			);
			path = Views;
			sourceTree = "<group>";
		};
		E44C0D55230A8ADD0099FC82 = {
			isa = PBXGroup;
			children = (
				E44C0D60230A8ADD0099FC82 /* FoodieNotes */,
				E44C0D78230A8ADF0099FC82 /* FoodieNotesTests */,
				E44C0D83230A8ADF0099FC82 /* FoodieNotesUITests */,
				E44C0D5F230A8ADD0099FC82 /* Products */,
				8929539318D28520E333B7B4 /* Pods */,
				52B76AF6370EDC17BE5EBCDA /* Frameworks */,
			);
			sourceTree = "<group>";
		};
		E44C0D5F230A8ADD0099FC82 /* Products */ = {
			isa = PBXGroup;
			children = (
				E44C0D5E230A8ADD0099FC82 /* FoodieNotes.app */,
				E44C0D75230A8ADF0099FC82 /* FoodieNotesTests.xctest */,
				E44C0D80230A8ADF0099FC82 /* FoodieNotesUITests.xctest */,
			);
			name = Products;
			sourceTree = "<group>";
		};
		E44C0D60230A8ADD0099FC82 /* FoodieNotes */ = {
			isa = PBXGroup;
			children = (
				E44A7702232A223E00DC6C0C /* Views */,
				E44C0D93230A8EED0099FC82 /* Controllers */,
				E44C0D92230A8EE20099FC82 /* Models */,
				E4B0CB322313010B0090BA3C /* Cells */,
				E44C0D61230A8ADD0099FC82 /* AppDelegate.swift */,
				E44C0D65230A8ADE0099FC82 /* Main.storyboard */,
				E44C0D6B230A8ADF0099FC82 /* Assets.xcassets */,
				E44C0D6D230A8ADF0099FC82 /* LaunchScreen.storyboard */,
				E44C0D70230A8ADF0099FC82 /* Info.plist */,
				E44C0D68230A8ADE0099FC82 /* FoodieNotes.xcdatamodeld */,
				E44C0D96230BA5370099FC82 /* GoogleService-Info.plist */,
				E4B0CB3723130BF40090BA3C /* Helpers.swift */,
				E4B258F92319698800E8F7B1 /* Constant.swift */,
				E4B258FD231DAF9C00E8F7B1 /* UserDefaultKeys.swift */,
				E44A77112334DD4B00DC6C0C /* UIView_Extention.swift */,
			);
			path = FoodieNotes;
			sourceTree = "<group>";
		};
		E44C0D78230A8ADF0099FC82 /* FoodieNotesTests */ = {
			isa = PBXGroup;
			children = (
				E44C0D79230A8ADF0099FC82 /* FoodieNotesTests.swift */,
				E44C0D7B230A8ADF0099FC82 /* Info.plist */,
			);
			path = FoodieNotesTests;
			sourceTree = "<group>";
		};
		E44C0D83230A8ADF0099FC82 /* FoodieNotesUITests */ = {
			isa = PBXGroup;
			children = (
				E44C0D84230A8ADF0099FC82 /* FoodieNotesUITests.swift */,
				E44C0D86230A8ADF0099FC82 /* Info.plist */,
			);
			path = FoodieNotesUITests;
			sourceTree = "<group>";
		};
		E44C0D92230A8EE20099FC82 /* Models */ = {
			isa = PBXGroup;
			children = (
				E44C0D98230BDE860099FC82 /* User.swift */,
				E4B0CB2C2312ECEA0090BA3C /* Post.swift */,
				E4B0CB2E2312ECFB0090BA3C /* PostLive.swift */,
				E4B0CB302312FC980090BA3C /* IndexTableViewModel.swift */,
			);
			path = Models;
			sourceTree = "<group>";
		};
		E44C0D93230A8EED0099FC82 /* Controllers */ = {
			isa = PBXGroup;
			children = (
				E44C0D63230A8ADD0099FC82 /* ViewController.swift */,
				E44C0D94230A9A710099FC82 /* LoginViewController.swift */,
				E44C0D9A230C052D0099FC82 /* IndexViewController.swift */,
				E4B258F72315498E00E8F7B1 /* AddPostViewController.swift */,
				E4B258FB231D928600E8F7B1 /* MainTabBarViewController.swift */,
				E4B258FF231E134B00E8F7B1 /* UserProfileViewController.swift */,
				E4AC287623224CD9002E4910 /* SetUpViewController.swift */,
				E4AC287823226EC2002E4910 /* MaintainInfoViewController.swift */,
				E4AC287A232636F2002E4910 /* StoreMaintainInfoViewController.swift */,
				E4AC28812326CC53002E4910 /* BlacklistViewController.swift */,
				E4AC288B2327B756002E4910 /* OtherProfileViewController.swift */,
				E44A770F2330C80E00DC6C0C /* SignupViewController.swift */,
			);
			path = Controllers;
			sourceTree = "<group>";
		};
		E4AC287C2326CB48002E4910 /* BlacklistViewCell */ = {
			isa = PBXGroup;
			children = (
				E4AC287D2326CB98002E4910 /* BlacklistTableViewCell.swift */,
				E4AC287E2326CB98002E4910 /* BlacklistTableViewCell.xib */,
			);
			path = BlacklistViewCell;
			sourceTree = "<group>";
		};
		E4B0CB322313010B0090BA3C /* Cells */ = {
			isa = PBXGroup;
			children = (
				E4AC287C2326CB48002E4910 /* BlacklistViewCell */,
				E4B2590C231E676800E8F7B1 /* UserProfileViewCell */,
				E4B2590B231E674200E8F7B1 /* IndexViewCell */,
			);
			path = Cells;
			sourceTree = "<group>";
		};
		E4B2590B231E674200E8F7B1 /* IndexViewCell */ = {
			isa = PBXGroup;
			children = (
				E4B0CB332313042C0090BA3C /* PostLiveCollectionViewCell.swift */,
				E4B0CB352313055B0090BA3C /* LiveTableViewCell.swift */,
				E4B0CB3923132AA70090BA3C /* PostTableViewCell.swift */,
			);
			path = IndexViewCell;
			sourceTree = "<group>";
		};
		E4B2590C231E676800E8F7B1 /* UserProfileViewCell */ = {
			isa = PBXGroup;
			children = (
				E4C1955E2320DDE9006E2B27 /* UserTableViewCell.swift */,
				E4C1955F2320DDE9006E2B27 /* UserTableViewCell.xib */,
				E4AC286E2320ED2E002E4910 /* UserPostsCollectionViewCell.swift */,
				E4AC286F2320ED2E002E4910 /* UserPostsCollectionViewCell.xib */,
				E4AC2872232126CD002E4910 /* StoreTableViewCell.swift */,
				E4AC2873232126CD002E4910 /* StoreTableViewCell.xib */,
			);
			path = UserProfileViewCell;
			sourceTree = "<group>";
		};
/* End PBXGroup section */

/* Begin PBXNativeTarget section */
		E44C0D5D230A8ADD0099FC82 /* FoodieNotes */ = {
			isa = PBXNativeTarget;
			buildConfigurationList = E44C0D89230A8ADF0099FC82 /* Build configuration list for PBXNativeTarget "FoodieNotes" */;
			buildPhases = (
				E459219035FAF114DA64718A /* [CP] Check Pods Manifest.lock */,
				E44C0D5A230A8ADD0099FC82 /* Sources */,
				E44C0D5B230A8ADD0099FC82 /* Frameworks */,
				E44C0D5C230A8ADD0099FC82 /* Resources */,
				F14FAAD750AE8376CC2B3E5A /* [CP] Embed Pods Frameworks */,
				D6B54846EA8A95AC15F2CA37 /* [CP] Copy Pods Resources */,
			);
			buildRules = (
			);
			dependencies = (
			);
			name = FoodieNotes;
			productName = FoodieNotes;
			productReference = E44C0D5E230A8ADD0099FC82 /* FoodieNotes.app */;
			productType = "com.apple.product-type.application";
		};
		E44C0D74230A8ADF0099FC82 /* FoodieNotesTests */ = {
			isa = PBXNativeTarget;
			buildConfigurationList = E44C0D8C230A8ADF0099FC82 /* Build configuration list for PBXNativeTarget "FoodieNotesTests" */;
			buildPhases = (
				1234710FC5D03C2A7159EAB0 /* [CP] Check Pods Manifest.lock */,
				E44C0D71230A8ADF0099FC82 /* Sources */,
				E44C0D72230A8ADF0099FC82 /* Frameworks */,
				E44C0D73230A8ADF0099FC82 /* Resources */,
			);
			buildRules = (
			);
			dependencies = (
				E44C0D77230A8ADF0099FC82 /* PBXTargetDependency */,
			);
			name = FoodieNotesTests;
			productName = FoodieNotesTests;
			productReference = E44C0D75230A8ADF0099FC82 /* FoodieNotesTests.xctest */;
			productType = "com.apple.product-type.bundle.unit-test";
		};
		E44C0D7F230A8ADF0099FC82 /* FoodieNotesUITests */ = {
			isa = PBXNativeTarget;
			buildConfigurationList = E44C0D8F230A8ADF0099FC82 /* Build configuration list for PBXNativeTarget "FoodieNotesUITests" */;
			buildPhases = (
				7682FE203BF946B1C7310455 /* [CP] Check Pods Manifest.lock */,
				E44C0D7C230A8ADF0099FC82 /* Sources */,
				E44C0D7D230A8ADF0099FC82 /* Frameworks */,
				E44C0D7E230A8ADF0099FC82 /* Resources */,
			);
			buildRules = (
			);
			dependencies = (
				E44C0D82230A8ADF0099FC82 /* PBXTargetDependency */,
			);
			name = FoodieNotesUITests;
			productName = FoodieNotesUITests;
			productReference = E44C0D80230A8ADF0099FC82 /* FoodieNotesUITests.xctest */;
			productType = "com.apple.product-type.bundle.ui-testing";
		};
/* End PBXNativeTarget section */

/* Begin PBXProject section */
		E44C0D56230A8ADD0099FC82 /* Project object */ = {
			isa = PBXProject;
			attributes = {
				LastSwiftUpdateCheck = 1030;
				LastUpgradeCheck = 1030;
				ORGANIZATIONNAME = Luke;
				TargetAttributes = {
					E44C0D5D230A8ADD0099FC82 = {
						CreatedOnToolsVersion = 10.3;
					};
					E44C0D74230A8ADF0099FC82 = {
						CreatedOnToolsVersion = 10.3;
						TestTargetID = E44C0D5D230A8ADD0099FC82;
					};
					E44C0D7F230A8ADF0099FC82 = {
						CreatedOnToolsVersion = 10.3;
						TestTargetID = E44C0D5D230A8ADD0099FC82;
					};
				};
			};
			buildConfigurationList = E44C0D59230A8ADD0099FC82 /* Build configuration list for PBXProject "FoodieNotes" */;
			compatibilityVersion = "Xcode 9.3";
			developmentRegion = en;
			hasScannedForEncodings = 0;
			knownRegions = (
				en,
				Base,
			);
			mainGroup = E44C0D55230A8ADD0099FC82;
			productRefGroup = E44C0D5F230A8ADD0099FC82 /* Products */;
			projectDirPath = "";
			projectRoot = "";
			targets = (
				E44C0D5D230A8ADD0099FC82 /* FoodieNotes */,
				E44C0D74230A8ADF0099FC82 /* FoodieNotesTests */,
				E44C0D7F230A8ADF0099FC82 /* FoodieNotesUITests */,
			);
		};
/* End PBXProject section */

/* Begin PBXResourcesBuildPhase section */
		E44C0D5C230A8ADD0099FC82 /* Resources */ = {
			isa = PBXResourcesBuildPhase;
			buildActionMask = 2147483647;
			files = (
				E44C0D6F230A8ADF0099FC82 /* LaunchScreen.storyboard in Resources */,
				E44C0D97230BA5370099FC82 /* GoogleService-Info.plist in Resources */,
				E4AC2875232126CD002E4910 /* StoreTableViewCell.xib in Resources */,
				E44C0D6C230A8ADF0099FC82 /* Assets.xcassets in Resources */,
				E4AC28712320ED2E002E4910 /* UserPostsCollectionViewCell.xib in Resources */,
				E44A770E232A442B00DC6C0C /* PostPageViewController.xib in Resources */,
				E44A7706232A22BC00DC6C0C /* AddSimplePostViewController.xib in Resources */,
				E44C0D67230A8ADE0099FC82 /* Main.storyboard in Resources */,
				E4C195612320DDE9006E2B27 /* UserTableViewCell.xib in Resources */,
				E4AC28802326CB98002E4910 /* BlacklistTableViewCell.xib in Resources */,
			);
			runOnlyForDeploymentPostprocessing = 0;
		};
		E44C0D73230A8ADF0099FC82 /* Resources */ = {
			isa = PBXResourcesBuildPhase;
			buildActionMask = 2147483647;
			files = (
			);
			runOnlyForDeploymentPostprocessing = 0;
		};
		E44C0D7E230A8ADF0099FC82 /* Resources */ = {
			isa = PBXResourcesBuildPhase;
			buildActionMask = 2147483647;
			files = (
			);
			runOnlyForDeploymentPostprocessing = 0;
		};
/* End PBXResourcesBuildPhase section */

/* Begin PBXShellScriptBuildPhase section */
		1234710FC5D03C2A7159EAB0 /* [CP] Check Pods Manifest.lock */ = {
			isa = PBXShellScriptBuildPhase;
			buildActionMask = 2147483647;
			files = (
			);
			inputFileListPaths = (
			);
			inputPaths = (
				"${PODS_PODFILE_DIR_PATH}/Podfile.lock",
				"${PODS_ROOT}/Manifest.lock",
			);
			name = "[CP] Check Pods Manifest.lock";
			outputFileListPaths = (
			);
			outputPaths = (
				"$(DERIVED_FILE_DIR)/Pods-FoodieNotesTests-checkManifestLockResult.txt",
			);
			runOnlyForDeploymentPostprocessing = 0;
			shellPath = /bin/sh;
			shellScript = "diff \"${PODS_PODFILE_DIR_PATH}/Podfile.lock\" \"${PODS_ROOT}/Manifest.lock\" > /dev/null\nif [ $? != 0 ] ; then\n    # print error to STDERR\n    echo \"error: The sandbox is not in sync with the Podfile.lock. Run 'pod install' or update your CocoaPods installation.\" >&2\n    exit 1\nfi\n# This output is used by Xcode 'outputs' to avoid re-running this script phase.\necho \"SUCCESS\" > \"${SCRIPT_OUTPUT_FILE_0}\"\n";
			showEnvVarsInLog = 0;
		};
		7682FE203BF946B1C7310455 /* [CP] Check Pods Manifest.lock */ = {
			isa = PBXShellScriptBuildPhase;
			buildActionMask = 2147483647;
			files = (
			);
			inputFileListPaths = (
			);
			inputPaths = (
				"${PODS_PODFILE_DIR_PATH}/Podfile.lock",
				"${PODS_ROOT}/Manifest.lock",
			);
			name = "[CP] Check Pods Manifest.lock";
			outputFileListPaths = (
			);
			outputPaths = (
				"$(DERIVED_FILE_DIR)/Pods-FoodieNotesUITests-checkManifestLockResult.txt",
			);
			runOnlyForDeploymentPostprocessing = 0;
			shellPath = /bin/sh;
			shellScript = "diff \"${PODS_PODFILE_DIR_PATH}/Podfile.lock\" \"${PODS_ROOT}/Manifest.lock\" > /dev/null\nif [ $? != 0 ] ; then\n    # print error to STDERR\n    echo \"error: The sandbox is not in sync with the Podfile.lock. Run 'pod install' or update your CocoaPods installation.\" >&2\n    exit 1\nfi\n# This output is used by Xcode 'outputs' to avoid re-running this script phase.\necho \"SUCCESS\" > \"${SCRIPT_OUTPUT_FILE_0}\"\n";
			showEnvVarsInLog = 0;
		};
		D6B54846EA8A95AC15F2CA37 /* [CP] Copy Pods Resources */ = {
			isa = PBXShellScriptBuildPhase;
			buildActionMask = 2147483647;
			files = (
			);
			inputFileListPaths = (
				"${PODS_ROOT}/Target Support Files/Pods-FoodieNotes/Pods-FoodieNotes-resources-${CONFIGURATION}-input-files.xcfilelist",
			);
			name = "[CP] Copy Pods Resources";
			outputFileListPaths = (
				"${PODS_ROOT}/Target Support Files/Pods-FoodieNotes/Pods-FoodieNotes-resources-${CONFIGURATION}-output-files.xcfilelist",
			);
			runOnlyForDeploymentPostprocessing = 0;
			shellPath = /bin/sh;
			shellScript = "\"${PODS_ROOT}/Target Support Files/Pods-FoodieNotes/Pods-FoodieNotes-resources.sh\"\n";
			showEnvVarsInLog = 0;
		};
		E459219035FAF114DA64718A /* [CP] Check Pods Manifest.lock */ = {
			isa = PBXShellScriptBuildPhase;
			buildActionMask = 2147483647;
			files = (
			);
			inputFileListPaths = (
			);
			inputPaths = (
				"${PODS_PODFILE_DIR_PATH}/Podfile.lock",
				"${PODS_ROOT}/Manifest.lock",
			);
			name = "[CP] Check Pods Manifest.lock";
			outputFileListPaths = (
			);
			outputPaths = (
				"$(DERIVED_FILE_DIR)/Pods-FoodieNotes-checkManifestLockResult.txt",
			);
			runOnlyForDeploymentPostprocessing = 0;
			shellPath = /bin/sh;
			shellScript = "diff \"${PODS_PODFILE_DIR_PATH}/Podfile.lock\" \"${PODS_ROOT}/Manifest.lock\" > /dev/null\nif [ $? != 0 ] ; then\n    # print error to STDERR\n    echo \"error: The sandbox is not in sync with the Podfile.lock. Run 'pod install' or update your CocoaPods installation.\" >&2\n    exit 1\nfi\n# This output is used by Xcode 'outputs' to avoid re-running this script phase.\necho \"SUCCESS\" > \"${SCRIPT_OUTPUT_FILE_0}\"\n";
			showEnvVarsInLog = 0;
		};
		F14FAAD750AE8376CC2B3E5A /* [CP] Embed Pods Frameworks */ = {
			isa = PBXShellScriptBuildPhase;
			buildActionMask = 2147483647;
			files = (
			);
			inputFileListPaths = (
				"${PODS_ROOT}/Target Support Files/Pods-FoodieNotes/Pods-FoodieNotes-frameworks-${CONFIGURATION}-input-files.xcfilelist",
			);
			name = "[CP] Embed Pods Frameworks";
			outputFileListPaths = (
				"${PODS_ROOT}/Target Support Files/Pods-FoodieNotes/Pods-FoodieNotes-frameworks-${CONFIGURATION}-output-files.xcfilelist",
			);
			runOnlyForDeploymentPostprocessing = 0;
			shellPath = /bin/sh;
			shellScript = "\"${PODS_ROOT}/Target Support Files/Pods-FoodieNotes/Pods-FoodieNotes-frameworks.sh\"\n";
			showEnvVarsInLog = 0;
		};
/* End PBXShellScriptBuildPhase section */

/* Begin PBXSourcesBuildPhase section */
		E44C0D5A230A8ADD0099FC82 /* Sources */ = {
			isa = PBXSourcesBuildPhase;
			buildActionMask = 2147483647;
			files = (
				E44C0D95230A9A710099FC82 /* LoginViewController.swift in Sources */,
				E44C0D6A230A8ADE0099FC82 /* FoodieNotes.xcdatamodeld in Sources */,
				E4B258FA2319698800E8F7B1 /* Constant.swift in Sources */,
				E4B0CB3A23132AA70090BA3C /* PostTableViewCell.swift in Sources */,
				E44A7705232A22BC00DC6C0C /* AddSimplePostViewController.swift in Sources */,
				E4B0CB362313055B0090BA3C /* LiveTableViewCell.swift in Sources */,
				E44C0D64230A8ADD0099FC82 /* ViewController.swift in Sources */,
				E4AC28822326CC53002E4910 /* BlacklistViewController.swift in Sources */,
				E4AC288C2327B756002E4910 /* OtherProfileViewController.swift in Sources */,
				E44C0D99230BDE860099FC82 /* User.swift in Sources */,
				E4B25900231E134B00E8F7B1 /* UserProfileViewController.swift in Sources */,
				E4B258F82315498E00E8F7B1 /* AddPostViewController.swift in Sources */,
				E4AC287B232636F2002E4910 /* StoreMaintainInfoViewController.swift in Sources */,
				E44C0D62230A8ADD0099FC82 /* AppDelegate.swift in Sources */,
				E4B258FC231D928600E8F7B1 /* MainTabBarViewController.swift in Sources */,
				E4B0CB312312FC980090BA3C /* IndexTableViewModel.swift in Sources */,
				E4AC2874232126CD002E4910 /* StoreTableViewCell.swift in Sources */,
				E4C195602320DDE9006E2B27 /* UserTableViewCell.swift in Sources */,
				E4AC28702320ED2E002E4910 /* UserPostsCollectionViewCell.swift in Sources */,
				E4B258FE231DAF9C00E8F7B1 /* UserDefaultKeys.swift in Sources */,
				E4AC287F2326CB98002E4910 /* BlacklistTableViewCell.swift in Sources */,
				E4B0CB3823130BF40090BA3C /* Helpers.swift in Sources */,
				E4AC287923226EC3002E4910 /* MaintainInfoViewController.swift in Sources */,
				E44A77122334DD4B00DC6C0C /* UIView_Extention.swift in Sources */,
				E4B0CB342313042C0090BA3C /* PostLiveCollectionViewCell.swift in Sources */,
				E4B0CB2D2312ECEA0090BA3C /* Post.swift in Sources */,
				E44C0D9B230C052D0099FC82 /* IndexViewController.swift in Sources */,
				E44A77102330C80E00DC6C0C /* SignupViewController.swift in Sources */,
				E4AC287723224CD9002E4910 /* SetUpViewController.swift in Sources */,
				E4B0CB2F2312ECFB0090BA3C /* PostLive.swift in Sources */,
				E44A770D232A442B00DC6C0C /* PostPageViewController.swift in Sources */,
			);
			runOnlyForDeploymentPostprocessing = 0;
		};
		E44C0D71230A8ADF0099FC82 /* Sources */ = {
			isa = PBXSourcesBuildPhase;
			buildActionMask = 2147483647;
			files = (
				E44C0D7A230A8ADF0099FC82 /* FoodieNotesTests.swift in Sources */,
			);
			runOnlyForDeploymentPostprocessing = 0;
		};
		E44C0D7C230A8ADF0099FC82 /* Sources */ = {
			isa = PBXSourcesBuildPhase;
			buildActionMask = 2147483647;
			files = (
				E44C0D85230A8ADF0099FC82 /* FoodieNotesUITests.swift in Sources */,
			);
			runOnlyForDeploymentPostprocessing = 0;
		};
/* End PBXSourcesBuildPhase section */

/* Begin PBXTargetDependency section */
		E44C0D77230A8ADF0099FC82 /* PBXTargetDependency */ = {
			isa = PBXTargetDependency;
			target = E44C0D5D230A8ADD0099FC82 /* FoodieNotes */;
			targetProxy = E44C0D76230A8ADF0099FC82 /* PBXContainerItemProxy */;
		};
		E44C0D82230A8ADF0099FC82 /* PBXTargetDependency */ = {
			isa = PBXTargetDependency;
			target = E44C0D5D230A8ADD0099FC82 /* FoodieNotes */;
			targetProxy = E44C0D81230A8ADF0099FC82 /* PBXContainerItemProxy */;
		};
/* End PBXTargetDependency section */

/* Begin PBXVariantGroup section */
		E44C0D65230A8ADE0099FC82 /* Main.storyboard */ = {
			isa = PBXVariantGroup;
			children = (
				E44C0D66230A8ADE0099FC82 /* Base */,
			);
			name = Main.storyboard;
			sourceTree = "<group>";
		};
		E44C0D6D230A8ADF0099FC82 /* LaunchScreen.storyboard */ = {
			isa = PBXVariantGroup;
			children = (
				E44C0D6E230A8ADF0099FC82 /* Base */,
			);
			name = LaunchScreen.storyboard;
			sourceTree = "<group>";
		};
/* End PBXVariantGroup section */

/* Begin XCBuildConfiguration section */
		E44C0D87230A8ADF0099FC82 /* Debug */ = {
			isa = XCBuildConfiguration;
			buildSettings = {
				ALWAYS_SEARCH_USER_PATHS = NO;
				CLANG_ANALYZER_NONNULL = YES;
				CLANG_ANALYZER_NUMBER_OBJECT_CONVERSION = YES_AGGRESSIVE;
				CLANG_CXX_LANGUAGE_STANDARD = "gnu++14";
				CLANG_CXX_LIBRARY = "libc++";
				CLANG_ENABLE_MODULES = YES;
				CLANG_ENABLE_OBJC_ARC = YES;
				CLANG_ENABLE_OBJC_WEAK = YES;
				CLANG_WARN_BLOCK_CAPTURE_AUTORELEASING = YES;
				CLANG_WARN_BOOL_CONVERSION = YES;
				CLANG_WARN_COMMA = YES;
				CLANG_WARN_CONSTANT_CONVERSION = YES;
				CLANG_WARN_DEPRECATED_OBJC_IMPLEMENTATIONS = YES;
				CLANG_WARN_DIRECT_OBJC_ISA_USAGE = YES_ERROR;
				CLANG_WARN_DOCUMENTATION_COMMENTS = YES;
				CLANG_WARN_EMPTY_BODY = YES;
				CLANG_WARN_ENUM_CONVERSION = YES;
				CLANG_WARN_INFINITE_RECURSION = YES;
				CLANG_WARN_INT_CONVERSION = YES;
				CLANG_WARN_NON_LITERAL_NULL_CONVERSION = YES;
				CLANG_WARN_OBJC_IMPLICIT_RETAIN_SELF = YES;
				CLANG_WARN_OBJC_LITERAL_CONVERSION = YES;
				CLANG_WARN_OBJC_ROOT_CLASS = YES_ERROR;
				CLANG_WARN_RANGE_LOOP_ANALYSIS = YES;
				CLANG_WARN_STRICT_PROTOTYPES = YES;
				CLANG_WARN_SUSPICIOUS_MOVE = YES;
				CLANG_WARN_UNGUARDED_AVAILABILITY = YES_AGGRESSIVE;
				CLANG_WARN_UNREACHABLE_CODE = YES;
				CLANG_WARN__DUPLICATE_METHOD_MATCH = YES;
				CODE_SIGN_IDENTITY = "iPhone Developer";
				COPY_PHASE_STRIP = NO;
				DEBUG_INFORMATION_FORMAT = dwarf;
				ENABLE_STRICT_OBJC_MSGSEND = YES;
				ENABLE_TESTABILITY = YES;
				GCC_C_LANGUAGE_STANDARD = gnu11;
				GCC_DYNAMIC_NO_PIC = NO;
				GCC_NO_COMMON_BLOCKS = YES;
				GCC_OPTIMIZATION_LEVEL = 0;
				GCC_PREPROCESSOR_DEFINITIONS = (
					"DEBUG=1",
					"$(inherited)",
				);
				GCC_WARN_64_TO_32_BIT_CONVERSION = YES;
				GCC_WARN_ABOUT_RETURN_TYPE = YES_ERROR;
				GCC_WARN_UNDECLARED_SELECTOR = YES;
				GCC_WARN_UNINITIALIZED_AUTOS = YES_AGGRESSIVE;
				GCC_WARN_UNUSED_FUNCTION = YES;
				GCC_WARN_UNUSED_VARIABLE = YES;
				IPHONEOS_DEPLOYMENT_TARGET = 12.4;
				MTL_ENABLE_DEBUG_INFO = INCLUDE_SOURCE;
				MTL_FAST_MATH = YES;
				ONLY_ACTIVE_ARCH = YES;
				SDKROOT = iphoneos;
				SWIFT_ACTIVE_COMPILATION_CONDITIONS = DEBUG;
				SWIFT_OPTIMIZATION_LEVEL = "-Onone";
			};
			name = Debug;
		};
		E44C0D88230A8ADF0099FC82 /* Release */ = {
			isa = XCBuildConfiguration;
			buildSettings = {
				ALWAYS_SEARCH_USER_PATHS = NO;
				CLANG_ANALYZER_NONNULL = YES;
				CLANG_ANALYZER_NUMBER_OBJECT_CONVERSION = YES_AGGRESSIVE;
				CLANG_CXX_LANGUAGE_STANDARD = "gnu++14";
				CLANG_CXX_LIBRARY = "libc++";
				CLANG_ENABLE_MODULES = YES;
				CLANG_ENABLE_OBJC_ARC = YES;
				CLANG_ENABLE_OBJC_WEAK = YES;
				CLANG_WARN_BLOCK_CAPTURE_AUTORELEASING = YES;
				CLANG_WARN_BOOL_CONVERSION = YES;
				CLANG_WARN_COMMA = YES;
				CLANG_WARN_CONSTANT_CONVERSION = YES;
				CLANG_WARN_DEPRECATED_OBJC_IMPLEMENTATIONS = YES;
				CLANG_WARN_DIRECT_OBJC_ISA_USAGE = YES_ERROR;
				CLANG_WARN_DOCUMENTATION_COMMENTS = YES;
				CLANG_WARN_EMPTY_BODY = YES;
				CLANG_WARN_ENUM_CONVERSION = YES;
				CLANG_WARN_INFINITE_RECURSION = YES;
				CLANG_WARN_INT_CONVERSION = YES;
				CLANG_WARN_NON_LITERAL_NULL_CONVERSION = YES;
				CLANG_WARN_OBJC_IMPLICIT_RETAIN_SELF = YES;
				CLANG_WARN_OBJC_LITERAL_CONVERSION = YES;
				CLANG_WARN_OBJC_ROOT_CLASS = YES_ERROR;
				CLANG_WARN_RANGE_LOOP_ANALYSIS = YES;
				CLANG_WARN_STRICT_PROTOTYPES = YES;
				CLANG_WARN_SUSPICIOUS_MOVE = YES;
				CLANG_WARN_UNGUARDED_AVAILABILITY = YES_AGGRESSIVE;
				CLANG_WARN_UNREACHABLE_CODE = YES;
				CLANG_WARN__DUPLICATE_METHOD_MATCH = YES;
				CODE_SIGN_IDENTITY = "iPhone Developer";
				COPY_PHASE_STRIP = NO;
				DEBUG_INFORMATION_FORMAT = "dwarf-with-dsym";
				ENABLE_NS_ASSERTIONS = NO;
				ENABLE_STRICT_OBJC_MSGSEND = YES;
				GCC_C_LANGUAGE_STANDARD = gnu11;
				GCC_NO_COMMON_BLOCKS = YES;
				GCC_WARN_64_TO_32_BIT_CONVERSION = YES;
				GCC_WARN_ABOUT_RETURN_TYPE = YES_ERROR;
				GCC_WARN_UNDECLARED_SELECTOR = YES;
				GCC_WARN_UNINITIALIZED_AUTOS = YES_AGGRESSIVE;
				GCC_WARN_UNUSED_FUNCTION = YES;
				GCC_WARN_UNUSED_VARIABLE = YES;
				IPHONEOS_DEPLOYMENT_TARGET = 12.4;
				MTL_ENABLE_DEBUG_INFO = NO;
				MTL_FAST_MATH = YES;
				SDKROOT = iphoneos;
				SWIFT_COMPILATION_MODE = wholemodule;
				SWIFT_OPTIMIZATION_LEVEL = "-O";
				VALIDATE_PRODUCT = YES;
			};
			name = Release;
		};
		E44C0D8A230A8ADF0099FC82 /* Debug */ = {
			isa = XCBuildConfiguration;
			baseConfigurationReference = 9573A551EC6A09C6DD1FACD1 /* Pods-FoodieNotes.debug.xcconfig */;
			buildSettings = {
				ASSETCATALOG_COMPILER_APPICON_NAME = AppIcon;
				CODE_SIGN_IDENTITY = "iPhone Developer";
				CODE_SIGN_STYLE = Automatic;
				DEVELOPMENT_TEAM = KZW8Q88296;
				INFOPLIST_FILE = FoodieNotes/Info.plist;
				LD_RUNPATH_SEARCH_PATHS = (
					"$(inherited)",
					"@executable_path/Frameworks",
				);
				PRODUCT_BUNDLE_IDENTIFIER = com.luke.FoodieNotes;
				PRODUCT_NAME = "$(TARGET_NAME)";
				PROVISIONING_PROFILE_SPECIFIER = "";
				SWIFT_VERSION = 5.0;
				TARGETED_DEVICE_FAMILY = "1,2";
			};
			name = Debug;
		};
		E44C0D8B230A8ADF0099FC82 /* Release */ = {
			isa = XCBuildConfiguration;
			baseConfigurationReference = 69612C831F22481FD3BF8294 /* Pods-FoodieNotes.release.xcconfig */;
			buildSettings = {
				ASSETCATALOG_COMPILER_APPICON_NAME = AppIcon;
				CODE_SIGN_IDENTITY = "iPhone Developer";
				CODE_SIGN_STYLE = Automatic;
				DEVELOPMENT_TEAM = KZW8Q88296;
				INFOPLIST_FILE = FoodieNotes/Info.plist;
				LD_RUNPATH_SEARCH_PATHS = (
					"$(inherited)",
					"@executable_path/Frameworks",
				);
				PRODUCT_BUNDLE_IDENTIFIER = com.luke.FoodieNotes;
				PRODUCT_NAME = "$(TARGET_NAME)";
				PROVISIONING_PROFILE_SPECIFIER = "";
				SWIFT_VERSION = 5.0;
				TARGETED_DEVICE_FAMILY = "1,2";
			};
			name = Release;
		};
		E44C0D8D230A8ADF0099FC82 /* Debug */ = {
			isa = XCBuildConfiguration;
			baseConfigurationReference = D5D90F47DA23D669611BEDB1 /* Pods-FoodieNotesTests.debug.xcconfig */;
			buildSettings = {
				ALWAYS_EMBED_SWIFT_STANDARD_LIBRARIES = YES;
				BUNDLE_LOADER = "$(TEST_HOST)";
				CODE_SIGN_STYLE = Automatic;
				INFOPLIST_FILE = FoodieNotesTests/Info.plist;
				LD_RUNPATH_SEARCH_PATHS = (
					"$(inherited)",
					"@executable_path/Frameworks",
					"@loader_path/Frameworks",
				);
				PRODUCT_BUNDLE_IDENTIFIER = com.luke.FoodieNotesTests;
				PRODUCT_NAME = "$(TARGET_NAME)";
				SWIFT_VERSION = 5.0;
				TARGETED_DEVICE_FAMILY = "1,2";
				TEST_HOST = "$(BUILT_PRODUCTS_DIR)/FoodieNotes.app/FoodieNotes";
			};
			name = Debug;
		};
		E44C0D8E230A8ADF0099FC82 /* Release */ = {
			isa = XCBuildConfiguration;
			baseConfigurationReference = BAC2DEB11C839030D23CA17E /* Pods-FoodieNotesTests.release.xcconfig */;
			buildSettings = {
				ALWAYS_EMBED_SWIFT_STANDARD_LIBRARIES = YES;
				BUNDLE_LOADER = "$(TEST_HOST)";
				CODE_SIGN_STYLE = Automatic;
				INFOPLIST_FILE = FoodieNotesTests/Info.plist;
				LD_RUNPATH_SEARCH_PATHS = (
					"$(inherited)",
					"@executable_path/Frameworks",
					"@loader_path/Frameworks",
				);
				PRODUCT_BUNDLE_IDENTIFIER = com.luke.FoodieNotesTests;
				PRODUCT_NAME = "$(TARGET_NAME)";
				SWIFT_VERSION = 5.0;
				TARGETED_DEVICE_FAMILY = "1,2";
				TEST_HOST = "$(BUILT_PRODUCTS_DIR)/FoodieNotes.app/FoodieNotes";
			};
			name = Release;
		};
		E44C0D90230A8ADF0099FC82 /* Debug */ = {
			isa = XCBuildConfiguration;
			baseConfigurationReference = D03EAEE9ABD026C924204465 /* Pods-FoodieNotesUITests.debug.xcconfig */;
			buildSettings = {
				ALWAYS_EMBED_SWIFT_STANDARD_LIBRARIES = YES;
				CODE_SIGN_STYLE = Automatic;
				INFOPLIST_FILE = FoodieNotesUITests/Info.plist;
				LD_RUNPATH_SEARCH_PATHS = (
					"$(inherited)",
					"@executable_path/Frameworks",
					"@loader_path/Frameworks",
				);
				PRODUCT_BUNDLE_IDENTIFIER = com.luke.FoodieNotesUITests;
				PRODUCT_NAME = "$(TARGET_NAME)";
				SWIFT_VERSION = 5.0;
				TARGETED_DEVICE_FAMILY = "1,2";
				TEST_TARGET_NAME = FoodieNotes;
			};
			name = Debug;
		};
		E44C0D91230A8ADF0099FC82 /* Release */ = {
			isa = XCBuildConfiguration;
			baseConfigurationReference = A3A6990F5E7D479CE4133393 /* Pods-FoodieNotesUITests.release.xcconfig */;
			buildSettings = {
				ALWAYS_EMBED_SWIFT_STANDARD_LIBRARIES = YES;
				CODE_SIGN_STYLE = Automatic;
				INFOPLIST_FILE = FoodieNotesUITests/Info.plist;
				LD_RUNPATH_SEARCH_PATHS = (
					"$(inherited)",
					"@executable_path/Frameworks",
					"@loader_path/Frameworks",
				);
				PRODUCT_BUNDLE_IDENTIFIER = com.luke.FoodieNotesUITests;
				PRODUCT_NAME = "$(TARGET_NAME)";
				SWIFT_VERSION = 5.0;
				TARGETED_DEVICE_FAMILY = "1,2";
				TEST_TARGET_NAME = FoodieNotes;
			};
			name = Release;
		};
/* End XCBuildConfiguration section */

/* Begin XCConfigurationList section */
		E44C0D59230A8ADD0099FC82 /* Build configuration list for PBXProject "FoodieNotes" */ = {
			isa = XCConfigurationList;
			buildConfigurations = (
				E44C0D87230A8ADF0099FC82 /* Debug */,
				E44C0D88230A8ADF0099FC82 /* Release */,
			);
			defaultConfigurationIsVisible = 0;
			defaultConfigurationName = Release;
		};
		E44C0D89230A8ADF0099FC82 /* Build configuration list for PBXNativeTarget "FoodieNotes" */ = {
			isa = XCConfigurationList;
			buildConfigurations = (
				E44C0D8A230A8ADF0099FC82 /* Debug */,
				E44C0D8B230A8ADF0099FC82 /* Release */,
			);
			defaultConfigurationIsVisible = 0;
			defaultConfigurationName = Release;
		};
		E44C0D8C230A8ADF0099FC82 /* Build configuration list for PBXNativeTarget "FoodieNotesTests" */ = {
			isa = XCConfigurationList;
			buildConfigurations = (
				E44C0D8D230A8ADF0099FC82 /* Debug */,
				E44C0D8E230A8ADF0099FC82 /* Release */,
			);
			defaultConfigurationIsVisible = 0;
			defaultConfigurationName = Release;
		};
		E44C0D8F230A8ADF0099FC82 /* Build configuration list for PBXNativeTarget "FoodieNotesUITests" */ = {
			isa = XCConfigurationList;
			buildConfigurations = (
				E44C0D90230A8ADF0099FC82 /* Debug */,
				E44C0D91230A8ADF0099FC82 /* Release */,
			);
			defaultConfigurationIsVisible = 0;
			defaultConfigurationName = Release;
		};
/* End XCConfigurationList section */

/* Begin XCVersionGroup section */
		E44C0D68230A8ADE0099FC82 /* FoodieNotes.xcdatamodeld */ = {
			isa = XCVersionGroup;
			children = (
				E44C0D69230A8ADE0099FC82 /* FoodieNotes.xcdatamodel */,
			);
			currentVersion = E44C0D69230A8ADE0099FC82 /* FoodieNotes.xcdatamodel */;
			path = FoodieNotes.xcdatamodeld;
			sourceTree = "<group>";
			versionGroupType = wrapper.xcdatamodel;
		};
/* End XCVersionGroup section */
	};
	rootObject = E44C0D56230A8ADD0099FC82 /* Project object */;
}
